{
  "name": "assets",
  "version": "1.0.0",
  "lockfileVersion": 3,
  "requires": true,
  "packages": {
    "": {
      "name": "assets",
      "version": "1.0.0",
      "license": "ISC",
      "dependencies": {
        "phoenix": "^1.7.11"
      }
    },
    "node_modules/phoenix": {
      "version": "1.7.11",
      "resolved": "https://registry.npmjs.org/phoenix/-/phoenix-1.7.11.tgz",
      "integrity": "sha512-aeikMR/Qh6gAygY45d5p/B7srqH60h0GbCIauEAStAtRUq4hvlkzDTyDj1NJidJEV9IKFhZe7f9L+zosUJdF/g=="
    }
  }
}
